// !$*UTF8*$!
{
	archiveVersion = 1;
	classes = {
	};
	objectVersion = 51;
	objects = {

/* Begin PBXBuildFile section */
		01F3B5306FF84D8347AC6878 /* Pods_hamham.framework in Frameworks */ = {isa = PBXBuildFile; fileRef = 20F37C2632883E9DB168E7FF /* Pods_hamham.framework */; };
		041E248E237CC37E00A95DDE /* AppDelegate.swift in Sources */ = {isa = PBXBuildFile; fileRef = 041E248D237CC37E00A95DDE /* AppDelegate.swift */; };
		041E2490237CC37E00A95DDE /* SceneDelegate.swift in Sources */ = {isa = PBXBuildFile; fileRef = 041E248F237CC37E00A95DDE /* SceneDelegate.swift */; };
		041E2492237CC37E00A95DDE /* ViewController.swift in Sources */ = {isa = PBXBuildFile; fileRef = 041E2491237CC37E00A95DDE /* ViewController.swift */; };
		041E2498237CC37E00A95DDE /* hamham.xcdatamodeld in Sources */ = {isa = PBXBuildFile; fileRef = 041E2496237CC37E00A95DDE /* hamham.xcdatamodeld */; };
		041E24A7237CC9D100A95DDE /* Assets.xcassets in Resources */ = {isa = PBXBuildFile; fileRef = 041E24A4237CC9D100A95DDE /* Assets.xcassets */; };
		041E24A8237CC9D100A95DDE /* LaunchScreen.storyboard in Resources */ = {isa = PBXBuildFile; fileRef = 041E24A5237CC9D100A95DDE /* LaunchScreen.storyboard */; };
		041E24A9237CC9D100A95DDE /* Main.storyboard in Resources */ = {isa = PBXBuildFile; fileRef = 041E24A6237CC9D100A95DDE /* Main.storyboard */; };
/* End PBXBuildFile section */

/* Begin PBXFileReference section */
		041E248A237CC37E00A95DDE /* hamham.app */ = {isa = PBXFileReference; explicitFileType = wrapper.application; includeInIndex = 0; path = hamham.app; sourceTree = BUILT_PRODUCTS_DIR; };
		041E248D237CC37E00A95DDE /* AppDelegate.swift */ = {isa = PBXFileReference; lastKnownFileType = sourcecode.swift; path = AppDelegate.swift; sourceTree = "<group>"; };
		041E248F237CC37E00A95DDE /* SceneDelegate.swift */ = {isa = PBXFileReference; lastKnownFileType = sourcecode.swift; path = SceneDelegate.swift; sourceTree = "<group>"; };
		041E2491237CC37E00A95DDE /* ViewController.swift */ = {isa = PBXFileReference; lastKnownFileType = sourcecode.swift; path = ViewController.swift; sourceTree = "<group>"; };
		041E2497237CC37E00A95DDE /* hamham.xcdatamodel */ = {isa = PBXFileReference; lastKnownFileType = wrapper.xcdatamodel; path = hamham.xcdatamodel; sourceTree = "<group>"; };
		041E249E237CC37F00A95DDE /* Info.plist */ = {isa = PBXFileReference; lastKnownFileType = text.plist.xml; path = Info.plist; sourceTree = "<group>"; };
		041E24A4237CC9D100A95DDE /* Assets.xcassets */ = {isa = PBXFileReference; lastKnownFileType = folder.assetcatalog; path = Assets.xcassets; sourceTree = "<group>"; };
		041E24A5237CC9D100A95DDE /* LaunchScreen.storyboard */ = {isa = PBXFileReference; fileEncoding = 4; lastKnownFileType = file.storyboard; path = LaunchScreen.storyboard; sourceTree = "<group>"; };
		041E24A6237CC9D100A95DDE /* Main.storyboard */ = {isa = PBXFileReference; fileEncoding = 4; lastKnownFileType = file.storyboard; path = Main.storyboard; sourceTree = "<group>"; };
		0E729A315797DC5531F37507 /* Pods-hamham.release.xcconfig */ = {isa = PBXFileReference; includeInIndex = 1; lastKnownFileType = text.xcconfig; name = "Pods-hamham.release.xcconfig"; path = "Target Support Files/Pods-hamham/Pods-hamham.release.xcconfig"; sourceTree = "<group>"; };
		20F37C2632883E9DB168E7FF /* Pods_hamham.framework */ = {isa = PBXFileReference; explicitFileType = wrapper.framework; includeInIndex = 0; path = Pods_hamham.framework; sourceTree = BUILT_PRODUCTS_DIR; };
		2248894C1A3A38DC10142B34 /* Pods-hamham.debug.xcconfig */ = {isa = PBXFileReference; includeInIndex = 1; lastKnownFileType = text.xcconfig; name = "Pods-hamham.debug.xcconfig"; path = "Target Support Files/Pods-hamham/Pods-hamham.debug.xcconfig"; sourceTree = "<group>"; };
/* End PBXFileReference section */

/* Begin PBXFrameworksBuildPhase section */
		041E2487237CC37E00A95DDE /* Frameworks */ = {
			isa = PBXFrameworksBuildPhase;
			buildActionMask = 2147483647;
			files = (
				01F3B5306FF84D8347AC6878 /* Pods_hamham.framework in Frameworks */,
			);
			runOnlyForDeploymentPostprocessing = 0;
		};
/* End PBXFrameworksBuildPhase section */

/* Begin PBXGroup section */
		041E2481237CC37E00A95DDE = {
			isa = PBXGroup;
			children = (
				041E248C237CC37E00A95DDE /* hamham */,
				041E248B237CC37E00A95DDE /* Products */,
				496FD1CB8E9D1CE3BE49925C /* Pods */,
				FF1BAE9E263CDCCFB93DF7EA /* Frameworks */,
			);
			sourceTree = "<group>";
		};
		041E248B237CC37E00A95DDE /* Products */ = {
			isa = PBXGroup;
			children = (
				041E248A237CC37E00A95DDE /* hamham.app */,
			);
			name = Products;
			sourceTree = "<group>";
		};
		041E248C237CC37E00A95DDE /* hamham */ = {
			isa = PBXGroup;
			children = (
				041E248D237CC37E00A95DDE /* AppDelegate.swift */,
				041E248F237CC37E00A95DDE /* SceneDelegate.swift */,
				041E2491237CC37E00A95DDE /* ViewController.swift */,
				041E249E237CC37F00A95DDE /* Info.plist */,
				041E2496237CC37E00A95DDE /* hamham.xcdatamodeld */,
				041E24A4237CC9D100A95DDE /* Assets.xcassets */,
				041E24A5237CC9D100A95DDE /* LaunchScreen.storyboard */,
				041E24A6237CC9D100A95DDE /* Main.storyboard */,
			);
			path = hamham;
			sourceTree = "<group>";
		};
		496FD1CB8E9D1CE3BE49925C /* Pods */ = {
			isa = PBXGroup;
			children = (
				2248894C1A3A38DC10142B34 /* Pods-hamham.debug.xcconfig */,
				0E729A315797DC5531F37507 /* Pods-hamham.release.xcconfig */,
			);
			path = Pods;
			sourceTree = "<group>";
		};
		FF1BAE9E263CDCCFB93DF7EA /* Frameworks */ = {
			isa = PBXGroup;
			children = (
				20F37C2632883E9DB168E7FF /* Pods_hamham.framework */,
			);
			name = Frameworks;
			sourceTree = "<group>";
		};
/* End PBXGroup section */

/* Begin PBXNativeTarget section */
		041E2489237CC37E00A95DDE /* hamham */ = {
			isa = PBXNativeTarget;
			buildConfigurationList = 041E24A1237CC37F00A95DDE /* Build configuration list for PBXNativeTarget "hamham" */;
			buildPhases = (
				A89404C62B72262D7A09CE0D /* [CP] Check Pods Manifest.lock */,
				041E2486237CC37E00A95DDE /* Sources */,
				041E2487237CC37E00A95DDE /* Frameworks */,
				041E2488237CC37E00A95DDE /* Resources */,
				B9435E5134615AD8C0E4641E /* [CP] Embed Pods Frameworks */,
			);
			buildRules = (
			);
			dependencies = (
			);
			name = hamham;
			productName = hamham;
			productReference = 041E248A237CC37E00A95DDE /* hamham.app */;
			productType = "com.apple.product-type.application";
		};
/* End PBXNativeTarget section */

/* Begin PBXProject section */
		041E2482237CC37E00A95DDE /* Project object */ = {
			isa = PBXProject;
			attributes = {
				LastSwiftUpdateCheck = 1120;
				LastUpgradeCheck = 1120;
				ORGANIZATIONNAME = Ibram;
				TargetAttributes = {
					041E2489237CC37E00A95DDE = {
						CreatedOnToolsVersion = 11.2;
					};
				};
			};
			buildConfigurationList = 041E2485237CC37E00A95DDE /* Build configuration list for PBXProject "hamham" */;
			compatibilityVersion = "Xcode 9.3";
			developmentRegion = en;
			hasScannedForEncodings = 0;
			knownRegions = (
				en,
				Base,
			);
			mainGroup = 041E2481237CC37E00A95DDE;
			productRefGroup = 041E248B237CC37E00A95DDE /* Products */;
			projectDirPath = "";
			projectRoot = "";
			targets = (
				041E2489237CC37E00A95DDE /* hamham */,
			);
		};
/* End PBXProject section */

/* Begin PBXResourcesBuildPhase section */
		041E2488237CC37E00A95DDE /* Resources */ = {
			isa = PBXResourcesBuildPhase;
			buildActionMask = 2147483647;
			files = (
				041E24A9237CC9D100A95DDE /* Main.storyboard in Resources */,
				041E24A7237CC9D100A95DDE /* Assets.xcassets in Resources */,
				041E24A8237CC9D100A95DDE /* LaunchScreen.storyboard in Resources */,
			);
			runOnlyForDeploymentPostprocessing = 0;
		};
/* End PBXResourcesBuildPhase section */

/* Begin PBXShellScriptBuildPhase section */
		A89404C62B72262D7A09CE0D /* [CP] Check Pods Manifest.lock */ = {
			isa = PBXShellScriptBuildPhase;
			buildActionMask = 2147483647;
			files = (
			);
			inputFileListPaths = (
			);
			inputPaths = (
				"${PODS_PODFILE_DIR_PATH}/Podfile.lock",
				"${PODS_ROOT}/Manifest.lock",
			);
			name = "[CP] Check Pods Manifest.lock";
			outputFileListPaths = (
			);
			outputPaths = (
				"$(DERIVED_FILE_DIR)/Pods-hamham-checkManifestLockResult.txt",
			);
			runOnlyForDeploymentPostprocessing = 0;
			shellPath = /bin/sh;
			shellScript = "diff \"${PODS_PODFILE_DIR_PATH}/Podfile.lock\" \"${PODS_ROOT}/Manifest.lock\" > /dev/null\nif [ $? != 0 ] ; then\n    # print error to STDERR\n    echo \"error: The sandbox is not in sync with the Podfile.lock. Run 'pod install' or update your CocoaPods installation.\" >&2\n    exit 1\nfi\n# This output is used by Xcode 'outputs' to avoid re-running this script phase.\necho \"SUCCESS\" > \"${SCRIPT_OUTPUT_FILE_0}\"\n";
			showEnvVarsInLog = 0;
		};
		B9435E5134615AD8C0E4641E /* [CP] Embed Pods Frameworks */ = {
			isa = PBXShellScriptBuildPhase;
			buildActionMask = 2147483647;
			files = (
			);
			inputFileListPaths = (
				"${PODS_ROOT}/Target Support Files/Pods-hamham/Pods-hamham-frameworks-${CONFIGURATION}-input-files.xcfilelist",
			);
			name = "[CP] Embed Pods Frameworks";
			outputFileListPaths = (
				"${PODS_ROOT}/Target Support Files/Pods-hamham/Pods-hamham-frameworks-${CONFIGURATION}-output-files.xcfilelist",
			);
			runOnlyForDeploymentPostprocessing = 0;
			shellPath = /bin/sh;
			shellScript = "\"${PODS_ROOT}/Target Support Files/Pods-hamham/Pods-hamham-frameworks.sh\"\n";
			showEnvVarsInLog = 0;
		};
/* End PBXShellScriptBuildPhase section */

/* Begin PBXSourcesBuildPhase section */
		041E2486237CC37E00A95DDE /* Sources */ = {
			isa = PBXSourcesBuildPhase;
			buildActionMask = 2147483647;
			files = (
				041E2492237CC37E00A95DDE /* ViewController.swift in Sources */,
				041E248E237CC37E00A95DDE /* AppDelegate.swift in Sources */,
				041E2490237CC37E00A95DDE /* SceneDelegate.swift in Sources */,
				041E2498237CC37E00A95DDE /* hamham.xcdatamodeld in Sources */,
			);
			runOnlyForDeploymentPostprocessing = 0;
		};
/* End PBXSourcesBuildPhase section */

/* Begin XCBuildConfiguration section */
		041E249F237CC37F00A95DDE /* Debug */ = {
			isa = XCBuildConfiguration;
			buildSettings = {
				ALWAYS_SEARCH_USER_PATHS = NO;
				CLANG_ANALYZER_NONNULL = YES;
				CLANG_ANALYZER_NUMBER_OBJECT_CONVERSION = YES_AGGRESSIVE;
				CLANG_CXX_LANGUAGE_STANDARD = "gnu++14";
				CLANG_CXX_LIBRARY = "libc++";
				CLANG_ENABLE_MODULES = YES;
				CLANG_ENABLE_OBJC_ARC = YES;
				CLANG_ENABLE_OBJC_WEAK = YES;
				CLANG_WARN_BLOCK_CAPTURE_AUTORELEASING = YES;
				CLANG_WARN_BOOL_CONVERSION = YES;
				CLANG_WARN_COMMA = YES;
				CLANG_WARN_CONSTANT_CONVERSION = YES;
				CLANG_WARN_DEPRECATED_OBJC_IMPLEMENTATIONS = YES;
				CLANG_WARN_DIRECT_OBJC_ISA_USAGE = YES_ERROR;
				CLANG_WARN_DOCUMENTATION_COMMENTS = YES;
				CLANG_WARN_EMPTY_BODY = YES;
				CLANG_WARN_ENUM_CONVERSION = YES;
				CLANG_WARN_INFINITE_RECURSION = YES;
				CLANG_WARN_INT_CONVERSION = YES;
				CLANG_WARN_NON_LITERAL_NULL_CONVERSION = YES;
				CLANG_WARN_OBJC_IMPLICIT_RETAIN_SELF = YES;
				CLANG_WARN_OBJC_LITERAL_CONVERSION = YES;
				CLANG_WARN_OBJC_ROOT_CLASS = YES_ERROR;
				CLANG_WARN_RANGE_LOOP_ANALYSIS = YES;
				CLANG_WARN_STRICT_PROTOTYPES = YES;
				CLANG_WARN_SUSPICIOUS_MOVE = YES;
				CLANG_WARN_UNGUARDED_AVAILABILITY = YES_AGGRESSIVE;
				CLANG_WARN_UNREACHABLE_CODE = YES;
				CLANG_WARN__DUPLICATE_METHOD_MATCH = YES;
				COPY_PHASE_STRIP = NO;
				DEBUG_INFORMATION_FORMAT = dwarf;
				ENABLE_STRICT_OBJC_MSGSEND = YES;
				ENABLE_TESTABILITY = YES;
				GCC_C_LANGUAGE_STANDARD = gnu11;
				GCC_DYNAMIC_NO_PIC = NO;
				GCC_NO_COMMON_BLOCKS = YES;
				GCC_OPTIMIZATION_LEVEL = 0;
				GCC_PREPROCESSOR_DEFINITIONS = (
					"DEBUG=1",
					"$(inherited)",
				);
				GCC_WARN_64_TO_32_BIT_CONVERSION = YES;
				GCC_WARN_ABOUT_RETURN_TYPE = YES_ERROR;
				GCC_WARN_UNDECLARED_SELECTOR = YES;
				GCC_WARN_UNINITIALIZED_AUTOS = YES_AGGRESSIVE;
				GCC_WARN_UNUSED_FUNCTION = YES;
				GCC_WARN_UNUSED_VARIABLE = YES;
				IPHONEOS_DEPLOYMENT_TARGET = 13.2;
				MTL_ENABLE_DEBUG_INFO = INCLUDE_SOURCE;
				MTL_FAST_MATH = YES;
				ONLY_ACTIVE_ARCH = YES;
				SDKROOT = iphoneos;
				SWIFT_ACTIVE_COMPILATION_CONDITIONS = DEBUG;
				SWIFT_OPTIMIZATION_LEVEL = "-Onone";
			};
			name = Debug;
		};
		041E24A0237CC37F00A95DDE /* Release */ = {
			isa = XCBuildConfiguration;
			buildSettings = {
				ALWAYS_SEARCH_USER_PATHS = NO;
				CLANG_ANALYZER_NONNULL = YES;
				CLANG_ANALYZER_NUMBER_OBJECT_CONVERSION = YES_AGGRESSIVE;
				CLANG_CXX_LANGUAGE_STANDARD = "gnu++14";
				CLANG_CXX_LIBRARY = "libc++";
				CLANG_ENABLE_MODULES = YES;
				CLANG_ENABLE_OBJC_ARC = YES;
				CLANG_ENABLE_OBJC_WEAK = YES;
				CLANG_WARN_BLOCK_CAPTURE_AUTORELEASING = YES;
				CLANG_WARN_BOOL_CONVERSION = YES;
				CLANG_WARN_COMMA = YES;
				CLANG_WARN_CONSTANT_CONVERSION = YES;
				CLANG_WARN_DEPRECATED_OBJC_IMPLEMENTATIONS = YES;
				CLANG_WARN_DIRECT_OBJC_ISA_USAGE = YES_ERROR;
				CLANG_WARN_DOCUMENTATION_COMMENTS = YES;
				CLANG_WARN_EMPTY_BODY = YES;
				CLANG_WARN_ENUM_CONVERSION = YES;
				CLANG_WARN_INFINITE_RECURSION = YES;
				CLANG_WARN_INT_CONVERSION = YES;
				CLANG_WARN_NON_LITERAL_NULL_CONVERSION = YES;
				CLANG_WARN_OBJC_IMPLICIT_RETAIN_SELF = YES;
				CLANG_WARN_OBJC_LITERAL_CONVERSION = YES;
				CLANG_WARN_OBJC_ROOT_CLASS = YES_ERROR;
				CLANG_WARN_RANGE_LOOP_ANALYSIS = YES;
				CLANG_WARN_STRICT_PROTOTYPES = YES;
				CLANG_WARN_SUSPICIOUS_MOVE = YES;
				CLANG_WARN_UNGUARDED_AVAILABILITY = YES_AGGRESSIVE;
				CLANG_WARN_UNREACHABLE_CODE = YES;
				CLANG_WARN__DUPLICATE_METHOD_MATCH = YES;
				COPY_PHASE_STRIP = NO;
				DEBUG_INFORMATION_FORMAT = "dwarf-with-dsym";
				ENABLE_NS_ASSERTIONS = NO;
				ENABLE_STRICT_OBJC_MSGSEND = YES;
				GCC_C_LANGUAGE_STANDARD = gnu11;
				GCC_NO_COMMON_BLOCKS = YES;
				GCC_WARN_64_TO_32_BIT_CONVERSION = YES;
				GCC_WARN_ABOUT_RETURN_TYPE = YES_ERROR;
				GCC_WARN_UNDECLARED_SELECTOR = YES;
				GCC_WARN_UNINITIALIZED_AUTOS = YES_AGGRESSIVE;
				GCC_WARN_UNUSED_FUNCTION = YES;
				GCC_WARN_UNUSED_VARIABLE = YES;
				IPHONEOS_DEPLOYMENT_TARGET = 13.2;
				MTL_ENABLE_DEBUG_INFO = NO;
				MTL_FAST_MATH = YES;
				SDKROOT = iphoneos;
				SWIFT_COMPILATION_MODE = wholemodule;
				SWIFT_OPTIMIZATION_LEVEL = "-O";
				VALIDATE_PRODUCT = YES;
			};
			name = Release;
		};
		041E24A2237CC37F00A95DDE /* Debug */ = {
			isa = XCBuildConfiguration;
			baseConfigurationReference = 2248894C1A3A38DC10142B34 /* Pods-hamham.debug.xcconfig */;
			buildSettings = {
				ASSETCATALOG_COMPILER_APPICON_NAME = AppIcon;
				CODE_SIGN_STYLE = Automatic;
				DEVELOPMENT_TEAM = W8HXJ9GUR4;
				INFOPLIST_FILE = hamham/Info.plist;
				LD_RUNPATH_SEARCH_PATHS = (
					"$(inherited)",
					"@executable_path/Frameworks",
				);
				PRODUCT_BUNDLE_IDENTIFIER = com.ibram.hamham;
				PRODUCT_NAME = "$(TARGET_NAME)";
				SWIFT_VERSION = 5.0;
				TARGETED_DEVICE_FAMILY = "1,2";
			};
			name = Debug;
		};
		041E24A3237CC37F00A95DDE /* Release */ = {
			isa = XCBuildConfiguration;
			baseConfigurationReference = 0E729A315797DC5531F37507 /* Pods-hamham.release.xcconfig */;
			buildSettings = {
				ASSETCATALOG_COMPILER_APPICON_NAME = AppIcon;
				CODE_SIGN_STYLE = Automatic;
				DEVELOPMENT_TEAM = W8HXJ9GUR4;
				INFOPLIST_FILE = hamham/Info.plist;
				LD_RUNPATH_SEARCH_PATHS = (
					"$(inherited)",
					"@executable_path/Frameworks",
				);
				PRODUCT_BUNDLE_IDENTIFIER = com.ibram.hamham;
				PRODUCT_NAME = "$(TARGET_NAME)";
				SWIFT_VERSION = 5.0;
				TARGETED_DEVICE_FAMILY = "1,2";
			};
			name = Release;
		};
/* End XCBuildConfiguration section */

/* Begin XCConfigurationList section */
		041E2485237CC37E00A95DDE /* Build configuration list for PBXProject "hamham" */ = {
			isa = XCConfigurationList;
			buildConfigurations = (
				041E249F237CC37F00A95DDE /* Debug */,
				041E24A0237CC37F00A95DDE /* Release */,
			);
			defaultConfigurationIsVisible = 0;
			defaultConfigurationName = Release;
		};
		041E24A1237CC37F00A95DDE /* Build configuration list for PBXNativeTarget "hamham" */ = {
			isa = XCConfigurationList;
			buildConfigurations = (
				041E24A2237CC37F00A95DDE /* Debug */,
				041E24A3237CC37F00A95DDE /* Release */,
			);
			defaultConfigurationIsVisible = 0;
			defaultConfigurationName = Release;
		};
/* End XCConfigurationList section */

/* Begin XCVersionGroup section */
		041E2496237CC37E00A95DDE /* hamham.xcdatamodeld */ = {
			isa = XCVersionGroup;
			children = (
				041E2497237CC37E00A95DDE /* hamham.xcdatamodel */,
			);
			currentVersion = 041E2497237CC37E00A95DDE /* hamham.xcdatamodel */;
			path = hamham.xcdatamodeld;
			sourceTree = "<group>";
			versionGroupType = wrapper.xcdatamodel;
		};
/* End XCVersionGroup section */
	};
	rootObject = 041E2482237CC37E00A95DDE /* Project object */;
}
