// !$*UTF8*$!
{
	archiveVersion = 1;
	classes = {
	};
	objectVersion = 51;
	objects = {

/* Begin PBXBuildFile section */
		04650691237C4A9900962CF8 /* tableCell.xib in Resources */ = {isa = PBXBuildFile; fileRef = 04650683237C4A9900962CF8 /* tableCell.xib */; };
		04650692237C4A9900962CF8 /* Assets.xcassets in Resources */ = {isa = PBXBuildFile; fileRef = 04650684237C4A9900962CF8 /* Assets.xcassets */; };
		04650693237C4A9900962CF8 /* Network.swift in Sources */ = {isa = PBXBuildFile; fileRef = 04650685237C4A9900962CF8 /* Network.swift */; };
		04650695237C4A9900962CF8 /* LaunchScreen.storyboard in Resources */ = {isa = PBXBuildFile; fileRef = 04650687237C4A9900962CF8 /* LaunchScreen.storyboard */; };
		04650696237C4A9900962CF8 /* Presenter.swift in Sources */ = {isa = PBXBuildFile; fileRef = 04650688237C4A9900962CF8 /* Presenter.swift */; };
		04650697237C4A9900962CF8 /* RecipeModel.swift in Sources */ = {isa = PBXBuildFile; fileRef = 04650689237C4A9900962CF8 /* RecipeModel.swift */; };
		04650698237C4A9900962CF8 /* PresenterDelegate.swift in Sources */ = {isa = PBXBuildFile; fileRef = 0465068A237C4A9900962CF8 /* PresenterDelegate.swift */; };
		04650699237C4A9900962CF8 /* LoadingView.swift in Sources */ = {isa = PBXBuildFile; fileRef = 0465068B237C4A9900962CF8 /* LoadingView.swift */; };
		0465069B237C4A9900962CF8 /* Constants.swift in Sources */ = {isa = PBXBuildFile; fileRef = 0465068D237C4A9900962CF8 /* Constants.swift */; };
		0465069C237C4A9900962CF8 /* collectionCell.swift in Sources */ = {isa = PBXBuildFile; fileRef = 0465068E237C4A9900962CF8 /* collectionCell.swift */; };
		0465069D237C4A9900962CF8 /* DetailsViewController.swift in Sources */ = {isa = PBXBuildFile; fileRef = 0465068F237C4A9900962CF8 /* DetailsViewController.swift */; };
		0465069E237C4A9900962CF8 /* tableCell.swift in Sources */ = {isa = PBXBuildFile; fileRef = 04650690237C4A9900962CF8 /* tableCell.swift */; };
		046506A7237C5B7E00962CF8 /* Main.storyboard in Resources */ = {isa = PBXBuildFile; fileRef = 046506A5237C5B7E00962CF8 /* Main.storyboard */; };
		046506A8237C5B7E00962CF8 /* ViewController.swift in Sources */ = {isa = PBXBuildFile; fileRef = 046506A6237C5B7E00962CF8 /* ViewController.swift */; };
		5685DA624863BF2F008EF9BC /* Pods_testStructure.framework in Frameworks */ = {isa = PBXBuildFile; fileRef = D242DDD315696E00452F0821 /* Pods_testStructure.framework */; };
		F5E4E58A22B77676003B8C3B /* AppDelegate.swift in Sources */ = {isa = PBXBuildFile; fileRef = F5E4E58922B77676003B8C3B /* AppDelegate.swift */; };
/* End PBXBuildFile section */

/* Begin PBXCopyFilesBuildPhase section */
		F581CAB222EDC42C00538560 /* Embed Frameworks */ = {
			isa = PBXCopyFilesBuildPhase;
			buildActionMask = 2147483647;
			dstPath = "";
			dstSubfolderSpec = 10;
			files = (
			);
			name = "Embed Frameworks";
			runOnlyForDeploymentPostprocessing = 0;
		};
/* End PBXCopyFilesBuildPhase section */

/* Begin PBXFileReference section */
		04650683237C4A9900962CF8 /* tableCell.xib */ = {isa = PBXFileReference; fileEncoding = 4; lastKnownFileType = file.xib; path = tableCell.xib; sourceTree = "<group>"; };
		04650684237C4A9900962CF8 /* Assets.xcassets */ = {isa = PBXFileReference; lastKnownFileType = folder.assetcatalog; path = Assets.xcassets; sourceTree = "<group>"; };
		04650685237C4A9900962CF8 /* Network.swift */ = {isa = PBXFileReference; fileEncoding = 4; lastKnownFileType = sourcecode.swift; path = Network.swift; sourceTree = "<group>"; };
		04650687237C4A9900962CF8 /* LaunchScreen.storyboard */ = {isa = PBXFileReference; fileEncoding = 4; lastKnownFileType = file.storyboard; path = LaunchScreen.storyboard; sourceTree = "<group>"; };
		04650688237C4A9900962CF8 /* Presenter.swift */ = {isa = PBXFileReference; fileEncoding = 4; lastKnownFileType = sourcecode.swift; path = Presenter.swift; sourceTree = "<group>"; };
		04650689237C4A9900962CF8 /* RecipeModel.swift */ = {isa = PBXFileReference; fileEncoding = 4; lastKnownFileType = sourcecode.swift; path = RecipeModel.swift; sourceTree = "<group>"; };
		0465068A237C4A9900962CF8 /* PresenterDelegate.swift */ = {isa = PBXFileReference; fileEncoding = 4; lastKnownFileType = sourcecode.swift; path = PresenterDelegate.swift; sourceTree = "<group>"; };
		0465068B237C4A9900962CF8 /* LoadingView.swift */ = {isa = PBXFileReference; fileEncoding = 4; lastKnownFileType = sourcecode.swift; path = LoadingView.swift; sourceTree = "<group>"; };
		0465068D237C4A9900962CF8 /* Constants.swift */ = {isa = PBXFileReference; fileEncoding = 4; lastKnownFileType = sourcecode.swift; path = Constants.swift; sourceTree = "<group>"; };
		0465068E237C4A9900962CF8 /* collectionCell.swift */ = {isa = PBXFileReference; fileEncoding = 4; lastKnownFileType = sourcecode.swift; path = collectionCell.swift; sourceTree = "<group>"; };
		0465068F237C4A9900962CF8 /* DetailsViewController.swift */ = {isa = PBXFileReference; fileEncoding = 4; lastKnownFileType = sourcecode.swift; path = DetailsViewController.swift; sourceTree = "<group>"; };
		04650690237C4A9900962CF8 /* tableCell.swift */ = {isa = PBXFileReference; fileEncoding = 4; lastKnownFileType = sourcecode.swift; path = tableCell.swift; sourceTree = "<group>"; };
		046506A5237C5B7E00962CF8 /* Main.storyboard */ = {isa = PBXFileReference; fileEncoding = 4; lastKnownFileType = file.storyboard; path = Main.storyboard; sourceTree = "<group>"; };
		046506A6237C5B7E00962CF8 /* ViewController.swift */ = {isa = PBXFileReference; fileEncoding = 4; lastKnownFileType = sourcecode.swift; path = ViewController.swift; sourceTree = "<group>"; };
		D242DDD315696E00452F0821 /* Pods_testStructure.framework */ = {isa = PBXFileReference; explicitFileType = wrapper.framework; includeInIndex = 0; path = Pods_testStructure.framework; sourceTree = BUILT_PRODUCTS_DIR; };
		DCC65D7DFCFFCF20CA1AF5BA /* Pods-testStructure.debug.xcconfig */ = {isa = PBXFileReference; includeInIndex = 1; lastKnownFileType = text.xcconfig; name = "Pods-testStructure.debug.xcconfig"; path = "Pods/Target Support Files/Pods-testStructure/Pods-testStructure.debug.xcconfig"; sourceTree = "<group>"; };
		DFBCFAAC705E7F74DD6287E5 /* Pods-testStructure.release.xcconfig */ = {isa = PBXFileReference; includeInIndex = 1; lastKnownFileType = text.xcconfig; name = "Pods-testStructure.release.xcconfig"; path = "Pods/Target Support Files/Pods-testStructure/Pods-testStructure.release.xcconfig"; sourceTree = "<group>"; };
		F5E4E58622B77676003B8C3B /* hamham.app */ = {isa = PBXFileReference; explicitFileType = wrapper.application; includeInIndex = 0; path = hamham.app; sourceTree = BUILT_PRODUCTS_DIR; };
		F5E4E58922B77676003B8C3B /* AppDelegate.swift */ = {isa = PBXFileReference; lastKnownFileType = sourcecode.swift; path = AppDelegate.swift; sourceTree = "<group>"; };
		F5E4E59522B77678003B8C3B /* Info.plist */ = {isa = PBXFileReference; lastKnownFileType = text.plist.xml; path = Info.plist; sourceTree = "<group>"; };
/* End PBXFileReference section */

/* Begin PBXFrameworksBuildPhase section */
		F5E4E58322B77676003B8C3B /* Frameworks */ = {
			isa = PBXFrameworksBuildPhase;
			buildActionMask = 2147483647;
			files = (
				5685DA624863BF2F008EF9BC /* Pods_testStructure.framework in Frameworks */,
			);
			runOnlyForDeploymentPostprocessing = 0;
		};
/* End PBXFrameworksBuildPhase section */

/* Begin PBXGroup section */
		7E300402600E19B999FF86AF /* Frameworks */ = {
			isa = PBXGroup;
			children = (
				D242DDD315696E00452F0821 /* Pods_testStructure.framework */,
			);
			name = Frameworks;
			sourceTree = "<group>";
		};
		822AF9111C4548DEBD920242 /* Pods */ = {
			isa = PBXGroup;
			children = (
				DCC65D7DFCFFCF20CA1AF5BA /* Pods-testStructure.debug.xcconfig */,
				DFBCFAAC705E7F74DD6287E5 /* Pods-testStructure.release.xcconfig */,
			);
			name = Pods;
			sourceTree = "<group>";
		};
		F5E4E57D22B77676003B8C3B = {
			isa = PBXGroup;
			children = (
				F5E4E58822B77676003B8C3B /* hamham */,
				F5E4E58722B77676003B8C3B /* Products */,
				822AF9111C4548DEBD920242 /* Pods */,
				7E300402600E19B999FF86AF /* Frameworks */,
			);
			sourceTree = "<group>";
		};
		F5E4E58722B77676003B8C3B /* Products */ = {
			isa = PBXGroup;
			children = (
				F5E4E58622B77676003B8C3B /* hamham.app */,
			);
			name = Products;
			sourceTree = "<group>";
		};
		F5E4E58822B77676003B8C3B /* hamham */ = {
			isa = PBXGroup;
			children = (
				F5E4E58922B77676003B8C3B /* AppDelegate.swift */,
				F5E4E59522B77678003B8C3B /* Info.plist */,
				04650684237C4A9900962CF8 /* Assets.xcassets */,
				0465068E237C4A9900962CF8 /* collectionCell.swift */,
				0465068D237C4A9900962CF8 /* Constants.swift */,
				0465068F237C4A9900962CF8 /* DetailsViewController.swift */,
				04650687237C4A9900962CF8 /* LaunchScreen.storyboard */,
				0465068B237C4A9900962CF8 /* LoadingView.swift */,
				04650685237C4A9900962CF8 /* Network.swift */,
				04650688237C4A9900962CF8 /* Presenter.swift */,
				0465068A237C4A9900962CF8 /* PresenterDelegate.swift */,
				04650689237C4A9900962CF8 /* RecipeModel.swift */,
				04650690237C4A9900962CF8 /* tableCell.swift */,
				04650683237C4A9900962CF8 /* tableCell.xib */,
				046506A5237C5B7E00962CF8 /* Main.storyboard */,
				046506A6237C5B7E00962CF8 /* ViewController.swift */,
			);
			path = hamham;
			sourceTree = "<group>";
		};
/* End PBXGroup section */

/* Begin PBXNativeTarget section */
		F5E4E58522B77676003B8C3B /* testStructure */ = {
			isa = PBXNativeTarget;
			buildConfigurationList = F5E4E59822B77678003B8C3B /* Build configuration list for PBXNativeTarget "testStructure" */;
			buildPhases = (
				267008D0231C0396010DAF8A /* [CP] Check Pods Manifest.lock */,
				F5E4E58222B77676003B8C3B /* Sources */,
				F5E4E58322B77676003B8C3B /* Frameworks */,
				F5E4E58422B77676003B8C3B /* Resources */,
				1765EA3B7917A354B81D9F2D /* [CP] Embed Pods Frameworks */,
				F581CAB222EDC42C00538560 /* Embed Frameworks */,
			);
			buildRules = (
			);
			dependencies = (
			);
			name = testStructure;
			productName = testStructure;
			productReference = F5E4E58622B77676003B8C3B /* hamham.app */;
			productType = "com.apple.product-type.application";
		};
/* End PBXNativeTarget section */

/* Begin PBXProject section */
		F5E4E57E22B77676003B8C3B /* Project object */ = {
			isa = PBXProject;
			attributes = {
				LastSwiftUpdateCheck = 1020;
				LastUpgradeCheck = 1020;
				ORGANIZATIONNAME = Ibram;
				TargetAttributes = {
					F5E4E58522B77676003B8C3B = {
						CreatedOnToolsVersion = 10.2;
					};
				};
			};
			buildConfigurationList = F5E4E58122B77676003B8C3B /* Build configuration list for PBXProject "hamham" */;
			compatibilityVersion = "Xcode 9.3";
			developmentRegion = en;
			hasScannedForEncodings = 0;
			knownRegions = (
				en,
				Base,
			);
			mainGroup = F5E4E57D22B77676003B8C3B;
			productRefGroup = F5E4E58722B77676003B8C3B /* Products */;
			projectDirPath = "";
			projectRoot = "";
			targets = (
				F5E4E58522B77676003B8C3B /* testStructure */,
			);
		};
/* End PBXProject section */

/* Begin PBXResourcesBuildPhase section */
		F5E4E58422B77676003B8C3B /* Resources */ = {
			isa = PBXResourcesBuildPhase;
			buildActionMask = 2147483647;
			files = (
				04650695237C4A9900962CF8 /* LaunchScreen.storyboard in Resources */,
				04650692237C4A9900962CF8 /* Assets.xcassets in Resources */,
				04650691237C4A9900962CF8 /* tableCell.xib in Resources */,
				046506A7237C5B7E00962CF8 /* Main.storyboard in Resources */,
			);
			runOnlyForDeploymentPostprocessing = 0;
		};
/* End PBXResourcesBuildPhase section */

/* Begin PBXShellScriptBuildPhase section */
		1765EA3B7917A354B81D9F2D /* [CP] Embed Pods Frameworks */ = {
			isa = PBXShellScriptBuildPhase;
			buildActionMask = 2147483647;
			files = (
			);
			inputFileListPaths = (
				"${PODS_ROOT}/Target Support Files/Pods-testStructure/Pods-testStructure-frameworks-${CONFIGURATION}-input-files.xcfilelist",
			);
			name = "[CP] Embed Pods Frameworks";
			outputFileListPaths = (
				"${PODS_ROOT}/Target Support Files/Pods-testStructure/Pods-testStructure-frameworks-${CONFIGURATION}-output-files.xcfilelist",
			);
			runOnlyForDeploymentPostprocessing = 0;
			shellPath = /bin/sh;
			shellScript = "\"${PODS_ROOT}/Target Support Files/Pods-testStructure/Pods-testStructure-frameworks.sh\"\n";
			showEnvVarsInLog = 0;
		};
		267008D0231C0396010DAF8A /* [CP] Check Pods Manifest.lock */ = {
			isa = PBXShellScriptBuildPhase;
			buildActionMask = 2147483647;
			files = (
			);
			inputPaths = (
				"${PODS_PODFILE_DIR_PATH}/Podfile.lock",
				"${PODS_ROOT}/Manifest.lock",
			);
			name = "[CP] Check Pods Manifest.lock";
			outputPaths = (
				"$(DERIVED_FILE_DIR)/Pods-testStructure-checkManifestLockResult.txt",
			);
			runOnlyForDeploymentPostprocessing = 0;
			shellPath = /bin/sh;
			shellScript = "diff \"${PODS_PODFILE_DIR_PATH}/Podfile.lock\" \"${PODS_ROOT}/Manifest.lock\" > /dev/null\nif [ $? != 0 ] ; then\n    # print error to STDERR\n    echo \"error: The sandbox is not in sync with the Podfile.lock. Run 'pod install' or update your CocoaPods installation.\" >&2\n    exit 1\nfi\n# This output is used by Xcode 'outputs' to avoid re-running this script phase.\necho \"SUCCESS\" > \"${SCRIPT_OUTPUT_FILE_0}\"\n";
			showEnvVarsInLog = 0;
		};
/* End PBXShellScriptBuildPhase section */

/* Begin PBXSourcesBuildPhase section */
		F5E4E58222B77676003B8C3B /* Sources */ = {
			isa = PBXSourcesBuildPhase;
			buildActionMask = 2147483647;
			files = (
				04650698237C4A9900962CF8 /* PresenterDelegate.swift in Sources */,
				04650693237C4A9900962CF8 /* Network.swift in Sources */,
				04650697237C4A9900962CF8 /* RecipeModel.swift in Sources */,
				0465069C237C4A9900962CF8 /* collectionCell.swift in Sources */,
				046506A8237C5B7E00962CF8 /* ViewController.swift in Sources */,
				04650696237C4A9900962CF8 /* Presenter.swift in Sources */,
				04650699237C4A9900962CF8 /* LoadingView.swift in Sources */,
				F5E4E58A22B77676003B8C3B /* AppDelegate.swift in Sources */,
				0465069B237C4A9900962CF8 /* Constants.swift in Sources */,
				0465069D237C4A9900962CF8 /* DetailsViewController.swift in Sources */,
				0465069E237C4A9900962CF8 /* tableCell.swift in Sources */,
			);
			runOnlyForDeploymentPostprocessing = 0;
		};
/* End PBXSourcesBuildPhase section */

/* Begin XCBuildConfiguration section */
		F5E4E59622B77678003B8C3B /* Debug */ = {
			isa = XCBuildConfiguration;
			buildSettings = {
				ALWAYS_SEARCH_USER_PATHS = NO;
				CLANG_ANALYZER_NONNULL = YES;
				CLANG_ANALYZER_NUMBER_OBJECT_CONVERSION = YES_AGGRESSIVE;
				CLANG_CXX_LANGUAGE_STANDARD = "gnu++14";
				CLANG_CXX_LIBRARY = "libc++";
				CLANG_ENABLE_MODULES = YES;
				CLANG_ENABLE_OBJC_ARC = YES;
				CLANG_ENABLE_OBJC_WEAK = YES;
				CLANG_WARN_BLOCK_CAPTURE_AUTORELEASING = YES;
				CLANG_WARN_BOOL_CONVERSION = YES;
				CLANG_WARN_COMMA = YES;
				CLANG_WARN_CONSTANT_CONVERSION = YES;
				CLANG_WARN_DEPRECATED_OBJC_IMPLEMENTATIONS = YES;
				CLANG_WARN_DIRECT_OBJC_ISA_USAGE = YES_ERROR;
				CLANG_WARN_DOCUMENTATION_COMMENTS = YES;
				CLANG_WARN_EMPTY_BODY = YES;
				CLANG_WARN_ENUM_CONVERSION = YES;
				CLANG_WARN_INFINITE_RECURSION = YES;
				CLANG_WARN_INT_CONVERSION = YES;
				CLANG_WARN_NON_LITERAL_NULL_CONVERSION = YES;
				CLANG_WARN_OBJC_IMPLICIT_RETAIN_SELF = YES;
				CLANG_WARN_OBJC_LITERAL_CONVERSION = YES;
				CLANG_WARN_OBJC_ROOT_CLASS = YES_ERROR;
				CLANG_WARN_RANGE_LOOP_ANALYSIS = YES;
				CLANG_WARN_STRICT_PROTOTYPES = YES;
				CLANG_WARN_SUSPICIOUS_MOVE = YES;
				CLANG_WARN_UNGUARDED_AVAILABILITY = YES_AGGRESSIVE;
				CLANG_WARN_UNREACHABLE_CODE = YES;
				CLANG_WARN__DUPLICATE_METHOD_MATCH = YES;
				CODE_SIGN_IDENTITY = "iPhone Developer";
				COPY_PHASE_STRIP = NO;
				DEBUG_INFORMATION_FORMAT = dwarf;
				ENABLE_STRICT_OBJC_MSGSEND = YES;
				ENABLE_TESTABILITY = YES;
				GCC_C_LANGUAGE_STANDARD = gnu11;
				GCC_DYNAMIC_NO_PIC = NO;
				GCC_NO_COMMON_BLOCKS = YES;
				GCC_OPTIMIZATION_LEVEL = 0;
				GCC_PREPROCESSOR_DEFINITIONS = (
					"DEBUG=1",
					"$(inherited)",
				);
				GCC_WARN_64_TO_32_BIT_CONVERSION = YES;
				GCC_WARN_ABOUT_RETURN_TYPE = YES_ERROR;
				GCC_WARN_UNDECLARED_SELECTOR = YES;
				GCC_WARN_UNINITIALIZED_AUTOS = YES_AGGRESSIVE;
				GCC_WARN_UNUSED_FUNCTION = YES;
				GCC_WARN_UNUSED_VARIABLE = YES;
				IPHONEOS_DEPLOYMENT_TARGET = 12.2;
				MTL_ENABLE_DEBUG_INFO = INCLUDE_SOURCE;
				MTL_FAST_MATH = YES;
				ONLY_ACTIVE_ARCH = YES;
				SDKROOT = iphoneos;
				SWIFT_ACTIVE_COMPILATION_CONDITIONS = DEBUG;
				SWIFT_OPTIMIZATION_LEVEL = "-Onone";
			};
			name = Debug;
		};
		F5E4E59722B77678003B8C3B /* Release */ = {
			isa = XCBuildConfiguration;
			buildSettings = {
				ALWAYS_SEARCH_USER_PATHS = NO;
				CLANG_ANALYZER_NONNULL = YES;
				CLANG_ANALYZER_NUMBER_OBJECT_CONVERSION = YES_AGGRESSIVE;
				CLANG_CXX_LANGUAGE_STANDARD = "gnu++14";
				CLANG_CXX_LIBRARY = "libc++";
				CLANG_ENABLE_MODULES = YES;
				CLANG_ENABLE_OBJC_ARC = YES;
				CLANG_ENABLE_OBJC_WEAK = YES;
				CLANG_WARN_BLOCK_CAPTURE_AUTORELEASING = YES;
				CLANG_WARN_BOOL_CONVERSION = YES;
				CLANG_WARN_COMMA = YES;
				CLANG_WARN_CONSTANT_CONVERSION = YES;
				CLANG_WARN_DEPRECATED_OBJC_IMPLEMENTATIONS = YES;
				CLANG_WARN_DIRECT_OBJC_ISA_USAGE = YES_ERROR;
				CLANG_WARN_DOCUMENTATION_COMMENTS = YES;
				CLANG_WARN_EMPTY_BODY = YES;
				CLANG_WARN_ENUM_CONVERSION = YES;
				CLANG_WARN_INFINITE_RECURSION = YES;
				CLANG_WARN_INT_CONVERSION = YES;
				CLANG_WARN_NON_LITERAL_NULL_CONVERSION = YES;
				CLANG_WARN_OBJC_IMPLICIT_RETAIN_SELF = YES;
				CLANG_WARN_OBJC_LITERAL_CONVERSION = YES;
				CLANG_WARN_OBJC_ROOT_CLASS = YES_ERROR;
				CLANG_WARN_RANGE_LOOP_ANALYSIS = YES;
				CLANG_WARN_STRICT_PROTOTYPES = YES;
				CLANG_WARN_SUSPICIOUS_MOVE = YES;
				CLANG_WARN_UNGUARDED_AVAILABILITY = YES_AGGRESSIVE;
				CLANG_WARN_UNREACHABLE_CODE = YES;
				CLANG_WARN__DUPLICATE_METHOD_MATCH = YES;
				CODE_SIGN_IDENTITY = "iPhone Developer";
				COPY_PHASE_STRIP = NO;
				DEBUG_INFORMATION_FORMAT = "dwarf-with-dsym";
				ENABLE_NS_ASSERTIONS = NO;
				ENABLE_STRICT_OBJC_MSGSEND = YES;
				GCC_C_LANGUAGE_STANDARD = gnu11;
				GCC_NO_COMMON_BLOCKS = YES;
				GCC_WARN_64_TO_32_BIT_CONVERSION = YES;
				GCC_WARN_ABOUT_RETURN_TYPE = YES_ERROR;
				GCC_WARN_UNDECLARED_SELECTOR = YES;
				GCC_WARN_UNINITIALIZED_AUTOS = YES_AGGRESSIVE;
				GCC_WARN_UNUSED_FUNCTION = YES;
				GCC_WARN_UNUSED_VARIABLE = YES;
				IPHONEOS_DEPLOYMENT_TARGET = 12.2;
				MTL_ENABLE_DEBUG_INFO = NO;
				MTL_FAST_MATH = YES;
				SDKROOT = iphoneos;
				SWIFT_COMPILATION_MODE = wholemodule;
				SWIFT_OPTIMIZATION_LEVEL = "-O";
				VALIDATE_PRODUCT = YES;
			};
			name = Release;
		};
		F5E4E59922B77678003B8C3B /* Debug */ = {
			isa = XCBuildConfiguration;
			baseConfigurationReference = DCC65D7DFCFFCF20CA1AF5BA /* Pods-testStructure.debug.xcconfig */;
			buildSettings = {
				ASSETCATALOG_COMPILER_APPICON_NAME = AppIcon;
				CODE_SIGN_STYLE = Automatic;
				DEVELOPMENT_TEAM = W8HXJ9GUR4;
				INFOPLIST_FILE = "$(SRCROOT)/hamham/Info.plist";
				IPHONEOS_DEPLOYMENT_TARGET = 9.0;
				LD_RUNPATH_SEARCH_PATHS = (
					"$(inherited)",
					"@executable_path/Frameworks",
				);
				PRODUCT_BUNDLE_IDENTIFIER = com.test.hamham;
				PRODUCT_NAME = hamham;
				SWIFT_VERSION = 5.0;
				TARGETED_DEVICE_FAMILY = 1;
			};
			name = Debug;
		};
		F5E4E59A22B77678003B8C3B /* Release */ = {
			isa = XCBuildConfiguration;
			baseConfigurationReference = DFBCFAAC705E7F74DD6287E5 /* Pods-testStructure.release.xcconfig */;
			buildSettings = {
				ASSETCATALOG_COMPILER_APPICON_NAME = AppIcon;
				CODE_SIGN_STYLE = Automatic;
				DEVELOPMENT_TEAM = W8HXJ9GUR4;
				INFOPLIST_FILE = "$(SRCROOT)/hamham/Info.plist";
				IPHONEOS_DEPLOYMENT_TARGET = 9.0;
				LD_RUNPATH_SEARCH_PATHS = (
					"$(inherited)",
					"@executable_path/Frameworks",
				);
				PRODUCT_BUNDLE_IDENTIFIER = com.test.hamham;
				PRODUCT_NAME = hamham;
				SWIFT_VERSION = 5.0;
				TARGETED_DEVICE_FAMILY = 1;
			};
			name = Release;
		};
/* End XCBuildConfiguration section */

/* Begin XCConfigurationList section */
		F5E4E58122B77676003B8C3B /* Build configuration list for PBXProject "hamham" */ = {
			isa = XCConfigurationList;
			buildConfigurations = (
				F5E4E59622B77678003B8C3B /* Debug */,
				F5E4E59722B77678003B8C3B /* Release */,
			);
			defaultConfigurationIsVisible = 0;
			defaultConfigurationName = Release;
		};
		F5E4E59822B77678003B8C3B /* Build configuration list for PBXNativeTarget "testStructure" */ = {
			isa = XCConfigurationList;
			buildConfigurations = (
				F5E4E59922B77678003B8C3B /* Debug */,
				F5E4E59A22B77678003B8C3B /* Release */,
			);
			defaultConfigurationIsVisible = 0;
			defaultConfigurationName = Release;
		};
/* End XCConfigurationList section */
	};
	rootObject = F5E4E57E22B77676003B8C3B /* Project object */;
}
